Microsoft Visual Studio Solution File, Format Version 11.00
# Visual Studio 2008

Project("{4D238714-D6A1-685B-9E84-931B7C765527}") = "Augmented Reality Sandbox", "Assembly-CSharp.csproj", "{C50C4BA5-8EA3-9467-7385-1934604B515E}"
EndProject
Project("{4D238714-D6A1-685B-9E84-931B7C765527}") = "Augmented Reality Sandbox", "Assembly-CSharp-Editor.csproj", "{36B19189-2EA5-AFBC-0258-7C2AA8E9722C}"
EndProject
Project("{4D238714-D6A1-685B-9E84-931B7C765527}") = "Augmented Reality Sandbox", "Assembly-UnityScript-Editor-firstpass.unityproj", "{70D115CD-0096-98EB-1685-62885B657937}"
EndProject
Global
	GlobalSection(SolutionConfigurationPlatforms) = preSolution
		Debug|Any CPU = Debug|Any CPU
		Release|Any CPU = Release|Any CPU
	EndGlobalSection
	GlobalSection(ProjectConfigurationPlatforms) = postSolution
		{C50C4BA5-8EA3-9467-7385-1934604B515E}.Debug|Any CPU.ActiveCfg = Debug|Any CPU
		{C50C4BA5-8EA3-9467-7385-1934604B515E}.Debug|Any CPU.Build.0 = Debug|Any CPU
		{C50C4BA5-8EA3-9467-7385-1934604B515E}.Release|Any CPU.ActiveCfg = Release|Any CPU
		{C50C4BA5-8EA3-9467-7385-1934604B515E}.Release|Any CPU.Build.0 = Release|Any CPU
		{36B19189-2EA5-AFBC-0258-7C2AA8E9722C}.Debug|Any CPU.ActiveCfg = Debug|Any CPU
		{36B19189-2EA5-AFBC-0258-7C2AA8E9722C}.Debug|Any CPU.Build.0 = Debug|Any CPU
		{36B19189-2EA5-AFBC-0258-7C2AA8E9722C}.Release|Any CPU.ActiveCfg = Release|Any CPU
		{36B19189-2EA5-AFBC-0258-7C2AA8E9722C}.Release|Any CPU.Build.0 = Release|Any CPU
		{70D115CD-0096-98EB-1685-62885B657937}.Debug|Any CPU.ActiveCfg = Debug|Any CPU
		{70D115CD-0096-98EB-1685-62885B657937}.Debug|Any CPU.Build.0 = Debug|Any CPU
		{70D115CD-0096-98EB-1685-62885B657937}.Release|Any CPU.ActiveCfg = Release|Any CPU
		{70D115CD-0096-98EB-1685-62885B657937}.Release|Any CPU.Build.0 = Release|Any CPU
	EndGlobalSection
	GlobalSection(SolutionProperties) = preSolution
		HideSolutionNode = FALSE
	EndGlobalSection
																																																																																																																																																																																																																																																																																																																																																GlobalSection(MonoDevelopProperties) = preSolution
		StartupItem = Assembly-CSharp.csproj
		Policies = $0
		$0.TextStylePolicy = $1
		$1.inheritsSet = null
		$1.scope = text/x-csharp
		$0.CSharpFormattingPolicy = $2
		$2.inheritsSet = Mono
		$2.inheritsScope = text/x-csharp
		$2.scope = text/x-csharp
		$0.TextStylePolicy = $3
		$3.FileWidth = 120
		$3.TabWidth = 4
		$3.EolMarker = Unix
		$3.inheritsSet = Mono
		$3.inheritsScope = text/plain
		$3.scope = text/plain
	EndGlobalSection

EndGlobal
